
Microsoft Visual Studio Solution File, Format Version 12.00
# Visual Studio 2013
VisualStudioVersion = 12.0.21005.1
MinimumVisualStudioVersion = 10.0.40219.1
Project("{F2A71F9B-5D33-465A-A702-920D77279786}") = "App", "App\App.fsproj", "{5FC45221-82A8-4EBE-AB4F-B8BF467B1D91}"
EndProject
Project("{2150E333-8FDC-42A3-9474-1A3956D46DE8}") = "src", "src", "{120BF7B9-222D-40D4-AFA1-91E018F135F3}"
EndProject
Project("{F2A71F9B-5D33-465A-A702-920D77279786}") = "Test", "Test\Test.fsproj", "{32A2EA92-1198-4D6D-ACAA-8EB9F51F74EF}"
EndProject
Project("{2150E333-8FDC-42A3-9474-1A3956D46DE8}") = ".nuget", ".nuget", "{00D28A1C-9A6E-4EC0-B131-A81EEE60E76D}"
	ProjectSection(SolutionItems) = preProject
		.nuget\NuGet.Config = .nuget\NuGet.Config
		.nuget\NuGet.exe = .nuget\NuGet.exe
		.nuget\NuGet.targets = .nuget\NuGet.targets
	EndProjectSection
EndProject
Project("{2150E333-8FDC-42A3-9474-1A3956D46DE8}") = "Solution Items", "Solution Items", "{A06C4EC2-7E8D-4D43-929E-46F8570E9E99}"
	ProjectSection(SolutionItems) = preProject
		build.fsx = build.fsx
		configure = configure
	EndProjectSection
EndProject
Global
	GlobalSection(SolutionConfigurationPlatforms) = preSolution
		Debug|Any CPU = Debug|Any CPU
		Release|Any CPU = Release|Any CPU
	EndGlobalSection
	GlobalSection(ProjectConfigurationPlatforms) = postSolution
		{5FC45221-82A8-4EBE-AB4F-B8BF467B1D91}.Debug|Any CPU.ActiveCfg = Debug|Any CPU
		{5FC45221-82A8-4EBE-AB4F-B8BF467B1D91}.Debug|Any CPU.Build.0 = Debug|Any CPU
		{5FC45221-82A8-4EBE-AB4F-B8BF467B1D91}.Release|Any CPU.ActiveCfg = Release|Any CPU
		{5FC45221-82A8-4EBE-AB4F-B8BF467B1D91}.Release|Any CPU.Build.0 = Release|Any CPU
		{32A2EA92-1198-4D6D-ACAA-8EB9F51F74EF}.Debug|Any CPU.ActiveCfg = Debug|Any CPU
		{32A2EA92-1198-4D6D-ACAA-8EB9F51F74EF}.Debug|Any CPU.Build.0 = Debug|Any CPU
		{32A2EA92-1198-4D6D-ACAA-8EB9F51F74EF}.Release|Any CPU.ActiveCfg = Release|Any CPU
		{32A2EA92-1198-4D6D-ACAA-8EB9F51F74EF}.Release|Any CPU.Build.0 = Release|Any CPU
	EndGlobalSection
	GlobalSection(SolutionProperties) = preSolution
		HideSolutionNode = FALSE
	EndGlobalSection
	GlobalSection(NestedProjects) = preSolution
		{5FC45221-82A8-4EBE-AB4F-B8BF467B1D91} = {120BF7B9-222D-40D4-AFA1-91E018F135F3}
		{32A2EA92-1198-4D6D-ACAA-8EB9F51F74EF} = {120BF7B9-222D-40D4-AFA1-91E018F135F3}
	EndGlobalSection
EndGlobal
